// !$*UTF8*$!
{
	archiveVersion = 1;
	classes = {
	};
	objectVersion = 55;
	objects = {

/* Begin PBXBuildFile section */
		CE24B2AC295D2DB100B18A2E /* Nunito-Bold.ttf in Resources */ = {isa = PBXBuildFile; fileRef = CE24B2AA295D2DB000B18A2E /* Nunito-Bold.ttf */; };
		CE24B2AD295D2DB100B18A2E /* Nunito-Regular.ttf in Resources */ = {isa = PBXBuildFile; fileRef = CE24B2AB295D2DB100B18A2E /* Nunito-Regular.ttf */; };
		CE24B2B1295D478100B18A2E /* UIColor+Ext.swift in Sources */ = {isa = PBXBuildFile; fileRef = CE24B2B0295D478100B18A2E /* UIColor+Ext.swift */; };
		CE24B2B3295D998400B18A2E /* MapView.swift in Sources */ = {isa = PBXBuildFile; fileRef = CE24B2B2295D998400B18A2E /* MapView.swift */; };
		CE24B2B5296594EB00B18A2E /* ReviewView.swift in Sources */ = {isa = PBXBuildFile; fileRef = CE24B2B4296594EB00B18A2E /* ReviewView.swift */; };
		CE24B2B72966B47B00B18A2E /* NewRestaurantView.swift in Sources */ = {isa = PBXBuildFile; fileRef = CE24B2B62966B47B00B18A2E /* NewRestaurantView.swift */; };
		CE4284C22952A4D4005A5F0C /* AppleFoodPinApp.swift in Sources */ = {isa = PBXBuildFile; fileRef = CE4284C12952A4D4005A5F0C /* AppleFoodPinApp.swift */; };
		CE4284C42952A4D4005A5F0C /* RestaurantListView.swift in Sources */ = {isa = PBXBuildFile; fileRef = CE4284C32952A4D4005A5F0C /* RestaurantListView.swift */; };
		CE4284C62952A4D4005A5F0C /* Assets.xcassets in Resources */ = {isa = PBXBuildFile; fileRef = CE4284C52952A4D4005A5F0C /* Assets.xcassets */; };
		CE4284C92952A4D4005A5F0C /* Preview Assets.xcassets in Resources */ = {isa = PBXBuildFile; fileRef = CE4284C82952A4D4005A5F0C /* Preview Assets.xcassets */; };
		CE4284D02959B0C6005A5F0C /* RestaurantListView2.swift in Sources */ = {isa = PBXBuildFile; fileRef = CE4284CF2959B0C6005A5F0C /* RestaurantListView2.swift */; };
		CE4284D2295C2968005A5F0C /* Restaurant.swift in Sources */ = {isa = PBXBuildFile; fileRef = CE4284D1295C2968005A5F0C /* Restaurant.swift */; };
		CE4284D6295C46B5005A5F0C /* ActivityView.swift in Sources */ = {isa = PBXBuildFile; fileRef = CE4284D5295C46B5005A5F0C /* ActivityView.swift */; };
		CE4284D8295C56C7005A5F0C /* RestaurantDetailView.swift in Sources */ = {isa = PBXBuildFile; fileRef = CE4284D7295C56C7005A5F0C /* RestaurantDetailView.swift */; };
/* End PBXBuildFile section */

/* Begin PBXFileReference section */
		CE24B2AA295D2DB000B18A2E /* Nunito-Bold.ttf */ = {isa = PBXFileReference; lastKnownFileType = file; path = "Nunito-Bold.ttf"; sourceTree = "<group>"; };
		CE24B2AB295D2DB100B18A2E /* Nunito-Regular.ttf */ = {isa = PBXFileReference; lastKnownFileType = file; path = "Nunito-Regular.ttf"; sourceTree = "<group>"; };
		CE24B2AE295D2EB600B18A2E /* Info.plist */ = {isa = PBXFileReference; lastKnownFileType = text.plist; path = Info.plist; sourceTree = "<group>"; };
		CE24B2B0295D478100B18A2E /* UIColor+Ext.swift */ = {isa = PBXFileReference; lastKnownFileType = sourcecode.swift; path = "UIColor+Ext.swift"; sourceTree = "<group>"; };
		CE24B2B2295D998400B18A2E /* MapView.swift */ = {isa = PBXFileReference; lastKnownFileType = sourcecode.swift; path = MapView.swift; sourceTree = "<group>"; };
		CE24B2B4296594EB00B18A2E /* ReviewView.swift */ = {isa = PBXFileReference; lastKnownFileType = sourcecode.swift; path = ReviewView.swift; sourceTree = "<group>"; };
		CE24B2B62966B47B00B18A2E /* NewRestaurantView.swift */ = {isa = PBXFileReference; lastKnownFileType = sourcecode.swift; path = NewRestaurantView.swift; sourceTree = "<group>"; };
		CE4284BE2952A4D4005A5F0C /* AppleFoodPin.app */ = {isa = PBXFileReference; explicitFileType = wrapper.application; includeInIndex = 0; path = AppleFoodPin.app; sourceTree = BUILT_PRODUCTS_DIR; };
		CE4284C12952A4D4005A5F0C /* AppleFoodPinApp.swift */ = {isa = PBXFileReference; lastKnownFileType = sourcecode.swift; path = AppleFoodPinApp.swift; sourceTree = "<group>"; };
		CE4284C32952A4D4005A5F0C /* RestaurantListView.swift */ = {isa = PBXFileReference; lastKnownFileType = sourcecode.swift; path = RestaurantListView.swift; sourceTree = "<group>"; };
		CE4284C52952A4D4005A5F0C /* Assets.xcassets */ = {isa = PBXFileReference; lastKnownFileType = folder.assetcatalog; path = Assets.xcassets; sourceTree = "<group>"; };
		CE4284C82952A4D4005A5F0C /* Preview Assets.xcassets */ = {isa = PBXFileReference; lastKnownFileType = folder.assetcatalog; path = "Preview Assets.xcassets"; sourceTree = "<group>"; };
		CE4284CF2959B0C6005A5F0C /* RestaurantListView2.swift */ = {isa = PBXFileReference; lastKnownFileType = sourcecode.swift; path = RestaurantListView2.swift; sourceTree = "<group>"; };
		CE4284D1295C2968005A5F0C /* Restaurant.swift */ = {isa = PBXFileReference; lastKnownFileType = sourcecode.swift; path = Restaurant.swift; sourceTree = "<group>"; };
		CE4284D5295C46B5005A5F0C /* ActivityView.swift */ = {isa = PBXFileReference; lastKnownFileType = sourcecode.swift; path = ActivityView.swift; sourceTree = "<group>"; };
		CE4284D7295C56C7005A5F0C /* RestaurantDetailView.swift */ = {isa = PBXFileReference; lastKnownFileType = sourcecode.swift; path = RestaurantDetailView.swift; sourceTree = "<group>"; };
/* End PBXFileReference section */

/* Begin PBXFrameworksBuildPhase section */
		CE4284BB2952A4D4005A5F0C /* Frameworks */ = {
			isa = PBXFrameworksBuildPhase;
			buildActionMask = 2147483647;
			files = (
			);
			runOnlyForDeploymentPostprocessing = 0;
		};
/* End PBXFrameworksBuildPhase section */

/* Begin PBXGroup section */
		CE24B2A6295D2CCC00B18A2E /* Resources */ = {
			isa = PBXGroup;
			children = (
				CE24B2A7295D2CE100B18A2E /* Fonts */,
			);
			path = Resources;
			sourceTree = "<group>";
		};
		CE24B2A7295D2CE100B18A2E /* Fonts */ = {
			isa = PBXGroup;
			children = (
				CE24B2AA295D2DB000B18A2E /* Nunito-Bold.ttf */,
				CE24B2AB295D2DB100B18A2E /* Nunito-Regular.ttf */,
			);
			path = Fonts;
			sourceTree = "<group>";
		};
		CE24B2AF295D46E700B18A2E /* Extensions */ = {
			isa = PBXGroup;
			children = (
				CE24B2B0295D478100B18A2E /* UIColor+Ext.swift */,
			);
			path = Extensions;
			sourceTree = "<group>";
		};
		CE4284B52952A4D4005A5F0C = {
			isa = PBXGroup;
			children = (
				CE4284C02952A4D4005A5F0C /* AppleFoodPin */,
				CE4284BF2952A4D4005A5F0C /* Products */,
			);
			sourceTree = "<group>";
		};
		CE4284BF2952A4D4005A5F0C /* Products */ = {
			isa = PBXGroup;
			children = (
				CE4284BE2952A4D4005A5F0C /* AppleFoodPin.app */,
			);
			name = Products;
			sourceTree = "<group>";
		};
		CE4284C02952A4D4005A5F0C /* AppleFoodPin */ = {
			isa = PBXGroup;
			children = (
				CE24B2AF295D46E700B18A2E /* Extensions */,
				CE24B2AE295D2EB600B18A2E /* Info.plist */,
				CE24B2A6295D2CCC00B18A2E /* Resources */,
				CE4284D4295C369D005A5F0C /* Model */,
				CE4284D3295C3682005A5F0C /* View */,
				CE4284C12952A4D4005A5F0C /* AppleFoodPinApp.swift */,
				CE4284C52952A4D4005A5F0C /* Assets.xcassets */,
				CE4284C72952A4D4005A5F0C /* Preview Content */,
				CE4284D5295C46B5005A5F0C /* ActivityView.swift */,
			);
			path = AppleFoodPin;
			sourceTree = "<group>";
		};
		CE4284C72952A4D4005A5F0C /* Preview Content */ = {
			isa = PBXGroup;
			children = (
				CE4284C82952A4D4005A5F0C /* Preview Assets.xcassets */,
			);
			path = "Preview Content";
			sourceTree = "<group>";
		};
		CE4284D3295C3682005A5F0C /* View */ = {
			isa = PBXGroup;
			children = (
				CE4284CF2959B0C6005A5F0C /* RestaurantListView2.swift */,
				CE4284C32952A4D4005A5F0C /* RestaurantListView.swift */,
				CE4284D7295C56C7005A5F0C /* RestaurantDetailView.swift */,
				CE24B2B2295D998400B18A2E /* MapView.swift */,
				CE24B2B4296594EB00B18A2E /* ReviewView.swift */,
				CE24B2B62966B47B00B18A2E /* NewRestaurantView.swift */,
			);
			path = View;
			sourceTree = "<group>";
		};
		CE4284D4295C369D005A5F0C /* Model */ = {
			isa = PBXGroup;
			children = (
				CE4284D1295C2968005A5F0C /* Restaurant.swift */,
			);
			path = Model;
			sourceTree = "<group>";
		};
/* End PBXGroup section */

/* Begin PBXNativeTarget section */
		CE4284BD2952A4D4005A5F0C /* AppleFoodPin */ = {
			isa = PBXNativeTarget;
			buildConfigurationList = CE4284CC2952A4D4005A5F0C /* Build configuration list for PBXNativeTarget "AppleFoodPin" */;
			buildPhases = (
				CE4284BA2952A4D4005A5F0C /* Sources */,
				CE4284BB2952A4D4005A5F0C /* Frameworks */,
				CE4284BC2952A4D4005A5F0C /* Resources */,
			);
			buildRules = (
			);
			dependencies = (
			);
			name = AppleFoodPin;
			productName = AppleFoodPin;
			productReference = CE4284BE2952A4D4005A5F0C /* AppleFoodPin.app */;
			productType = "com.apple.product-type.application";
		};
/* End PBXNativeTarget section */

/* Begin PBXProject section */
		CE4284B62952A4D4005A5F0C /* Project object */ = {
			isa = PBXProject;
			attributes = {
				BuildIndependentTargetsInParallel = 1;
				LastSwiftUpdateCheck = 1340;
				LastUpgradeCheck = 1340;
				TargetAttributes = {
					CE4284BD2952A4D4005A5F0C = {
						CreatedOnToolsVersion = 13.4.1;
					};
				};
			};
			buildConfigurationList = CE4284B92952A4D4005A5F0C /* Build configuration list for PBXProject "AppleFoodPin" */;
			compatibilityVersion = "Xcode 13.0";
			developmentRegion = en;
			hasScannedForEncodings = 0;
			knownRegions = (
				en,
				Base,
			);
			mainGroup = CE4284B52952A4D4005A5F0C;
			productRefGroup = CE4284BF2952A4D4005A5F0C /* Products */;
			projectDirPath = "";
			projectRoot = "";
			targets = (
				CE4284BD2952A4D4005A5F0C /* AppleFoodPin */,
			);
		};
/* End PBXProject section */

/* Begin PBXResourcesBuildPhase section */
		CE4284BC2952A4D4005A5F0C /* Resources */ = {
			isa = PBXResourcesBuildPhase;
			buildActionMask = 2147483647;
			files = (
				CE4284C92952A4D4005A5F0C /* Preview Assets.xcassets in Resources */,
				CE24B2AC295D2DB100B18A2E /* Nunito-Bold.ttf in Resources */,
				CE24B2AD295D2DB100B18A2E /* Nunito-Regular.ttf in Resources */,
				CE4284C62952A4D4005A5F0C /* Assets.xcassets in Resources */,
			);
			runOnlyForDeploymentPostprocessing = 0;
		};
/* End PBXResourcesBuildPhase section */

/* Begin PBXSourcesBuildPhase section */
		CE4284BA2952A4D4005A5F0C /* Sources */ = {
			isa = PBXSourcesBuildPhase;
			buildActionMask = 2147483647;
			files = (
				CE24B2B72966B47B00B18A2E /* NewRestaurantView.swift in Sources */,
				CE24B2B1295D478100B18A2E /* UIColor+Ext.swift in Sources */,
				CE24B2B5296594EB00B18A2E /* ReviewView.swift in Sources */,
				CE24B2B3295D998400B18A2E /* MapView.swift in Sources */,
				CE4284D2295C2968005A5F0C /* Restaurant.swift in Sources */,
				CE4284D02959B0C6005A5F0C /* RestaurantListView2.swift in Sources */,
				CE4284D8295C56C7005A5F0C /* RestaurantDetailView.swift in Sources */,
				CE4284C42952A4D4005A5F0C /* RestaurantListView.swift in Sources */,
				CE4284D6295C46B5005A5F0C /* ActivityView.swift in Sources */,
				CE4284C22952A4D4005A5F0C /* AppleFoodPinApp.swift in Sources */,
			);
			runOnlyForDeploymentPostprocessing = 0;
		};
/* End PBXSourcesBuildPhase section */

/* Begin XCBuildConfiguration section */
		CE4284CA2952A4D4005A5F0C /* Debug */ = {
			isa = XCBuildConfiguration;
			buildSettings = {
				ALWAYS_SEARCH_USER_PATHS = NO;
				CLANG_ANALYZER_NONNULL = YES;
				CLANG_ANALYZER_NUMBER_OBJECT_CONVERSION = YES_AGGRESSIVE;
				CLANG_CXX_LANGUAGE_STANDARD = "gnu++17";
				CLANG_ENABLE_MODULES = YES;
				CLANG_ENABLE_OBJC_ARC = YES;
				CLANG_ENABLE_OBJC_WEAK = YES;
				CLANG_WARN_BLOCK_CAPTURE_AUTORELEASING = YES;
				CLANG_WARN_BOOL_CONVERSION = YES;
				CLANG_WARN_COMMA = YES;
				CLANG_WARN_CONSTANT_CONVERSION = YES;
				CLANG_WARN_DEPRECATED_OBJC_IMPLEMENTATIONS = YES;
				CLANG_WARN_DIRECT_OBJC_ISA_USAGE = YES_ERROR;
				CLANG_WARN_DOCUMENTATION_COMMENTS = YES;
				CLANG_WARN_EMPTY_BODY = YES;
				CLANG_WARN_ENUM_CONVERSION = YES;
				CLANG_WARN_INFINITE_RECURSION = YES;
				CLANG_WARN_INT_CONVERSION = YES;
				CLANG_WARN_NON_LITERAL_NULL_CONVERSION = YES;
				CLANG_WARN_OBJC_IMPLICIT_RETAIN_SELF = YES;
				CLANG_WARN_OBJC_LITERAL_CONVERSION = YES;
				CLANG_WARN_OBJC_ROOT_CLASS = YES_ERROR;
				CLANG_WARN_QUOTED_INCLUDE_IN_FRAMEWORK_HEADER = YES;
				CLANG_WARN_RANGE_LOOP_ANALYSIS = YES;
				CLANG_WARN_STRICT_PROTOTYPES = YES;
				CLANG_WARN_SUSPICIOUS_MOVE = YES;
				CLANG_WARN_UNGUARDED_AVAILABILITY = YES_AGGRESSIVE;
				CLANG_WARN_UNREACHABLE_CODE = YES;
				CLANG_WARN__DUPLICATE_METHOD_MATCH = YES;
				COPY_PHASE_STRIP = NO;
				DEBUG_INFORMATION_FORMAT = dwarf;
				ENABLE_STRICT_OBJC_MSGSEND = YES;
				ENABLE_TESTABILITY = YES;
				GCC_C_LANGUAGE_STANDARD = gnu11;
				GCC_DYNAMIC_NO_PIC = NO;
				GCC_NO_COMMON_BLOCKS = YES;
				GCC_OPTIMIZATION_LEVEL = 0;
				GCC_PREPROCESSOR_DEFINITIONS = (
					"DEBUG=1",
					"$(inherited)",
				);
				GCC_WARN_64_TO_32_BIT_CONVERSION = YES;
				GCC_WARN_ABOUT_RETURN_TYPE = YES_ERROR;
				GCC_WARN_UNDECLARED_SELECTOR = YES;
				GCC_WARN_UNINITIALIZED_AUTOS = YES_AGGRESSIVE;
				GCC_WARN_UNUSED_FUNCTION = YES;
				GCC_WARN_UNUSED_VARIABLE = YES;
				IPHONEOS_DEPLOYMENT_TARGET = 15.5;
				MTL_ENABLE_DEBUG_INFO = INCLUDE_SOURCE;
				MTL_FAST_MATH = YES;
				ONLY_ACTIVE_ARCH = YES;
				SDKROOT = iphoneos;
				SWIFT_ACTIVE_COMPILATION_CONDITIONS = DEBUG;
				SWIFT_OPTIMIZATION_LEVEL = "-Onone";
			};
			name = Debug;
		};
		CE4284CB2952A4D4005A5F0C /* Release */ = {
			isa = XCBuildConfiguration;
			buildSettings = {
				ALWAYS_SEARCH_USER_PATHS = NO;
				CLANG_ANALYZER_NONNULL = YES;
				CLANG_ANALYZER_NUMBER_OBJECT_CONVERSION = YES_AGGRESSIVE;
				CLANG_CXX_LANGUAGE_STANDARD = "gnu++17";
				CLANG_ENABLE_MODULES = YES;
				CLANG_ENABLE_OBJC_ARC = YES;
				CLANG_ENABLE_OBJC_WEAK = YES;
				CLANG_WARN_BLOCK_CAPTURE_AUTORELEASING = YES;
				CLANG_WARN_BOOL_CONVERSION = YES;
				CLANG_WARN_COMMA = YES;
				CLANG_WARN_CONSTANT_CONVERSION = YES;
				CLANG_WARN_DEPRECATED_OBJC_IMPLEMENTATIONS = YES;
				CLANG_WARN_DIRECT_OBJC_ISA_USAGE = YES_ERROR;
				CLANG_WARN_DOCUMENTATION_COMMENTS = YES;
				CLANG_WARN_EMPTY_BODY = YES;
				CLANG_WARN_ENUM_CONVERSION = YES;
				CLANG_WARN_INFINITE_RECURSION = YES;
				CLANG_WARN_INT_CONVERSION = YES;
				CLANG_WARN_NON_LITERAL_NULL_CONVERSION = YES;
				CLANG_WARN_OBJC_IMPLICIT_RETAIN_SELF = YES;
				CLANG_WARN_OBJC_LITERAL_CONVERSION = YES;
				CLANG_WARN_OBJC_ROOT_CLASS = YES_ERROR;
				CLANG_WARN_QUOTED_INCLUDE_IN_FRAMEWORK_HEADER = YES;
				CLANG_WARN_RANGE_LOOP_ANALYSIS = YES;
				CLANG_WARN_STRICT_PROTOTYPES = YES;
				CLANG_WARN_SUSPICIOUS_MOVE = YES;
				CLANG_WARN_UNGUARDED_AVAILABILITY = YES_AGGRESSIVE;
				CLANG_WARN_UNREACHABLE_CODE = YES;
				CLANG_WARN__DUPLICATE_METHOD_MATCH = YES;
				COPY_PHASE_STRIP = NO;
				DEBUG_INFORMATION_FORMAT = "dwarf-with-dsym";
				ENABLE_NS_ASSERTIONS = NO;
				ENABLE_STRICT_OBJC_MSGSEND = YES;
				GCC_C_LANGUAGE_STANDARD = gnu11;
				GCC_NO_COMMON_BLOCKS = YES;
				GCC_WARN_64_TO_32_BIT_CONVERSION = YES;
				GCC_WARN_ABOUT_RETURN_TYPE = YES_ERROR;
				GCC_WARN_UNDECLARED_SELECTOR = YES;
				GCC_WARN_UNINITIALIZED_AUTOS = YES_AGGRESSIVE;
				GCC_WARN_UNUSED_FUNCTION = YES;
				GCC_WARN_UNUSED_VARIABLE = YES;
				IPHONEOS_DEPLOYMENT_TARGET = 15.5;
				MTL_ENABLE_DEBUG_INFO = NO;
				MTL_FAST_MATH = YES;
				SDKROOT = iphoneos;
				SWIFT_COMPILATION_MODE = wholemodule;
				SWIFT_OPTIMIZATION_LEVEL = "-O";
				VALIDATE_PRODUCT = YES;
			};
			name = Release;
		};
		CE4284CD2952A4D4005A5F0C /* Debug */ = {
			isa = XCBuildConfiguration;
			buildSettings = {
				ASSETCATALOG_COMPILER_APPICON_NAME = AppIcon;
				ASSETCATALOG_COMPILER_GLOBAL_ACCENT_COLOR_NAME = AccentColor;
				CODE_SIGN_STYLE = Automatic;
				CURRENT_PROJECT_VERSION = 1;
				DEVELOPMENT_ASSET_PATHS = "\"AppleFoodPin/Preview Content\"";
				ENABLE_PREVIEWS = YES;
				GENERATE_INFOPLIST_FILE = YES;
				INFOPLIST_FILE = AppleFoodPin/Info.plist;
				INFOPLIST_KEY_UIApplicationSceneManifest_Generation = YES;
				INFOPLIST_KEY_UIApplicationSupportsIndirectInputEvents = YES;
				INFOPLIST_KEY_UILaunchScreen_Generation = YES;
				INFOPLIST_KEY_UISupportedInterfaceOrientations_iPad = "UIInterfaceOrientationPortrait UIInterfaceOrientationPortraitUpsideDown UIInterfaceOrientationLandscapeLeft UIInterfaceOrientationLandscapeRight";
				INFOPLIST_KEY_UISupportedInterfaceOrientations_iPhone = "UIInterfaceOrientationPortrait UIInterfaceOrientationLandscapeLeft UIInterfaceOrientationLandscapeRight";
				LD_RUNPATH_SEARCH_PATHS = (
					"$(inherited)",
					"@executable_path/Frameworks",
				);
				MARKETING_VERSION = 1.0;
				PRODUCT_BUNDLE_IDENTIFIER = com.francislyj.AppleFoodPin;
				PRODUCT_NAME = "$(TARGET_NAME)";
				SWIFT_EMIT_LOC_STRINGS = YES;
				SWIFT_VERSION = 5.0;
				TARGETED_DEVICE_FAMILY = "1,2";
			};
			name = Debug;
		};
		CE4284CE2952A4D4005A5F0C /* Release */ = {
			isa = XCBuildConfiguration;
			buildSettings = {
				ASSETCATALOG_COMPILER_APPICON_NAME = AppIcon;
				ASSETCATALOG_COMPILER_GLOBAL_ACCENT_COLOR_NAME = AccentColor;
				CODE_SIGN_STYLE = Automatic;
				CURRENT_PROJECT_VERSION = 1;
				DEVELOPMENT_ASSET_PATHS = "\"AppleFoodPin/Preview Content\"";
				ENABLE_PREVIEWS = YES;
				GENERATE_INFOPLIST_FILE = YES;
				INFOPLIST_FILE = AppleFoodPin/Info.plist;
				INFOPLIST_KEY_UIApplicationSceneManifest_Generation = YES;
				INFOPLIST_KEY_UIApplicationSupportsIndirectInputEvents = YES;
				INFOPLIST_KEY_UILaunchScreen_Generation = YES;
				INFOPLIST_KEY_UISupportedInterfaceOrientations_iPad = "UIInterfaceOrientationPortrait UIInterfaceOrientationPortraitUpsideDown UIInterfaceOrientationLandscapeLeft UIInterfaceOrientationLandscapeRight";
				INFOPLIST_KEY_UISupportedInterfaceOrientations_iPhone = "UIInterfaceOrientationPortrait UIInterfaceOrientationLandscapeLeft UIInterfaceOrientationLandscapeRight";
				LD_RUNPATH_SEARCH_PATHS = (
					"$(inherited)",
					"@executable_path/Frameworks",
				);
				MARKETING_VERSION = 1.0;
				PRODUCT_BUNDLE_IDENTIFIER = com.francislyj.AppleFoodPin;
				PRODUCT_NAME = "$(TARGET_NAME)";
				SWIFT_EMIT_LOC_STRINGS = YES;
				SWIFT_VERSION = 5.0;
				TARGETED_DEVICE_FAMILY = "1,2";
			};
			name = Release;
		};
/* End XCBuildConfiguration section */

/* Begin XCConfigurationList section */
		CE4284B92952A4D4005A5F0C /* Build configuration list for PBXProject "AppleFoodPin" */ = {
			isa = XCConfigurationList;
			buildConfigurations = (
				CE4284CA2952A4D4005A5F0C /* Debug */,
				CE4284CB2952A4D4005A5F0C /* Release */,
			);
			defaultConfigurationIsVisible = 0;
			defaultConfigurationName = Release;
		};
		CE4284CC2952A4D4005A5F0C /* Build configuration list for PBXNativeTarget "AppleFoodPin" */ = {
			isa = XCConfigurationList;
			buildConfigurations = (
				CE4284CD2952A4D4005A5F0C /* Debug */,
				CE4284CE2952A4D4005A5F0C /* Release */,
			);
			defaultConfigurationIsVisible = 0;
			defaultConfigurationName = Release;
		};
/* End XCConfigurationList section */
	};
	rootObject = CE4284B62952A4D4005A5F0C /* Project object */;
}
